// !$*UTF8*$!
{
	archiveVersion = 1;
	classes = {
	};
	objectVersion = 56;
	objects = {

/* Begin PBXBuildFile section */
		324B75B32BB0BCD600B41FFE /* SingleOTPTextBox.swift in Sources */ = {isa = PBXBuildFile; fileRef = 324B75B22BB0BCD600B41FFE /* SingleOTPTextBox.swift */; };
		325336922B38C0690067907E /* FieldWithTitleView.swift in Sources */ = {isa = PBXBuildFile; fileRef = 325336912B38C0690067907E /* FieldWithTitleView.swift */; };
		325336942B38CD330067907E /* UserData.swift in Sources */ = {isa = PBXBuildFile; fileRef = 325336932B38CD330067907E /* UserData.swift */; };
		325989212BB2064B005F7096 /* PinTextFieldModifier.swift in Sources */ = {isa = PBXBuildFile; fileRef = 325989202BB2064B005F7096 /* PinTextFieldModifier.swift */; };
		325989232BB2069D005F7096 /* UIView+Extension.swift in Sources */ = {isa = PBXBuildFile; fileRef = 325989222BB2069D005F7096 /* UIView+Extension.swift */; };
		325989252BB20AD4005F7096 /* PinViewValidator.swift in Sources */ = {isa = PBXBuildFile; fileRef = 325989242BB20AD4005F7096 /* PinViewValidator.swift */; };
		3268A7172B3CB533009F1766 /* ValidationView.swift in Sources */ = {isa = PBXBuildFile; fileRef = 3268A7162B3CB533009F1766 /* ValidationView.swift */; };
		326CE35B2B91016000012A31 /* OTPTextField.swift in Sources */ = {isa = PBXBuildFile; fileRef = 326CE35A2B91016000012A31 /* OTPTextField.swift */; };
		326CE3612B91088F00012A31 /* String+Extension.swift in Sources */ = {isa = PBXBuildFile; fileRef = 326CE3602B91088F00012A31 /* String+Extension.swift */; };
		326CE3662B910E5000012A31 /* BrendView.swift in Sources */ = {isa = PBXBuildFile; fileRef = 326CE3652B910E5000012A31 /* BrendView.swift */; };
		32FF2EDB2B3363D4006E9CE0 /* SwiftUIappApp.swift in Sources */ = {isa = PBXBuildFile; fileRef = 32FF2EDA2B3363D4006E9CE0 /* SwiftUIappApp.swift */; };
		32FF2EDD2B3363D4006E9CE0 /* LoginView.swift in Sources */ = {isa = PBXBuildFile; fileRef = 32FF2EDC2B3363D4006E9CE0 /* LoginView.swift */; };
		32FF2EDF2B3363D5006E9CE0 /* Assets.xcassets in Resources */ = {isa = PBXBuildFile; fileRef = 32FF2EDE2B3363D5006E9CE0 /* Assets.xcassets */; };
		32FF2EE32B3363D5006E9CE0 /* Preview Assets.xcassets in Resources */ = {isa = PBXBuildFile; fileRef = 32FF2EE22B3363D5006E9CE0 /* Preview Assets.xcassets */; };
/* End PBXBuildFile section */

/* Begin PBXFileReference section */
		324B75B22BB0BCD600B41FFE /* SingleOTPTextBox.swift */ = {isa = PBXFileReference; lastKnownFileType = sourcecode.swift; path = SingleOTPTextBox.swift; sourceTree = "<group>"; };
		325336912B38C0690067907E /* FieldWithTitleView.swift */ = {isa = PBXFileReference; lastKnownFileType = sourcecode.swift; path = FieldWithTitleView.swift; sourceTree = "<group>"; };
		325336932B38CD330067907E /* UserData.swift */ = {isa = PBXFileReference; lastKnownFileType = sourcecode.swift; path = UserData.swift; sourceTree = "<group>"; };
		325989202BB2064B005F7096 /* PinTextFieldModifier.swift */ = {isa = PBXFileReference; lastKnownFileType = sourcecode.swift; path = PinTextFieldModifier.swift; sourceTree = "<group>"; };
		325989222BB2069D005F7096 /* UIView+Extension.swift */ = {isa = PBXFileReference; lastKnownFileType = sourcecode.swift; path = "UIView+Extension.swift"; sourceTree = "<group>"; };
		325989242BB20AD4005F7096 /* PinViewValidator.swift */ = {isa = PBXFileReference; lastKnownFileType = sourcecode.swift; path = PinViewValidator.swift; sourceTree = "<group>"; };
		3268A7162B3CB533009F1766 /* ValidationView.swift */ = {isa = PBXFileReference; lastKnownFileType = sourcecode.swift; path = ValidationView.swift; sourceTree = "<group>"; };
		326CE35A2B91016000012A31 /* OTPTextField.swift */ = {isa = PBXFileReference; lastKnownFileType = sourcecode.swift; path = OTPTextField.swift; sourceTree = "<group>"; };
		326CE3602B91088F00012A31 /* String+Extension.swift */ = {isa = PBXFileReference; lastKnownFileType = sourcecode.swift; path = "String+Extension.swift"; sourceTree = "<group>"; };
		326CE3652B910E5000012A31 /* BrendView.swift */ = {isa = PBXFileReference; lastKnownFileType = sourcecode.swift; path = BrendView.swift; sourceTree = "<group>"; };
		32FF2ED72B3363D4006E9CE0 /* SwiftUIapp.app */ = {isa = PBXFileReference; explicitFileType = wrapper.application; includeInIndex = 0; path = SwiftUIapp.app; sourceTree = BUILT_PRODUCTS_DIR; };
		32FF2EDA2B3363D4006E9CE0 /* SwiftUIappApp.swift */ = {isa = PBXFileReference; lastKnownFileType = sourcecode.swift; path = SwiftUIappApp.swift; sourceTree = "<group>"; };
		32FF2EDC2B3363D4006E9CE0 /* LoginView.swift */ = {isa = PBXFileReference; lastKnownFileType = sourcecode.swift; path = LoginView.swift; sourceTree = "<group>"; };
		32FF2EDE2B3363D5006E9CE0 /* Assets.xcassets */ = {isa = PBXFileReference; lastKnownFileType = folder.assetcatalog; path = Assets.xcassets; sourceTree = "<group>"; };
		32FF2EE02B3363D5006E9CE0 /* SwiftUIapp.entitlements */ = {isa = PBXFileReference; lastKnownFileType = text.plist.entitlements; path = SwiftUIapp.entitlements; sourceTree = "<group>"; };
		32FF2EE22B3363D5006E9CE0 /* Preview Assets.xcassets */ = {isa = PBXFileReference; lastKnownFileType = folder.assetcatalog; path = "Preview Assets.xcassets"; sourceTree = "<group>"; };
/* End PBXFileReference section */

/* Begin PBXFrameworksBuildPhase section */
		32FF2ED42B3363D4006E9CE0 /* Frameworks */ = {
			isa = PBXFrameworksBuildPhase;
			buildActionMask = 2147483647;
			files = (
			);
			runOnlyForDeploymentPostprocessing = 0;
		};
/* End PBXFrameworksBuildPhase section */

/* Begin PBXGroup section */
		325336902B38C0440067907E /* Reusable */ = {
			isa = PBXGroup;
			children = (
				325336912B38C0690067907E /* FieldWithTitleView.swift */,
				326CE3652B910E5000012A31 /* BrendView.swift */,
				325336932B38CD330067907E /* UserData.swift */,
				326CE3632B910CBF00012A31 /* OTPTextView */,
			);
			path = Reusable;
			sourceTree = "<group>";
		};
		3259891F2BB20618005F7096 /* ViewModifiers */ = {
			isa = PBXGroup;
			children = (
				325989202BB2064B005F7096 /* PinTextFieldModifier.swift */,
			);
			path = ViewModifiers;
			sourceTree = "<group>";
		};
		3268A7152B3CB508009F1766 /* Views */ = {
			isa = PBXGroup;
			children = (
				32FF2EDC2B3363D4006E9CE0 /* LoginView.swift */,
				3268A7162B3CB533009F1766 /* ValidationView.swift */,
			);
			path = Views;
			sourceTree = "<group>";
		};
		326CE3622B910C8200012A31 /* Extensions  */ = {
			isa = PBXGroup;
			children = (
				326CE3602B91088F00012A31 /* String+Extension.swift */,
				325989222BB2069D005F7096 /* UIView+Extension.swift */,
			);
			path = "Extensions ";
			sourceTree = "<group>";
		};
		326CE3632B910CBF00012A31 /* OTPTextView */ = {
			isa = PBXGroup;
			children = (
				326CE35A2B91016000012A31 /* OTPTextField.swift */,
				324B75B22BB0BCD600B41FFE /* SingleOTPTextBox.swift */,
				325989242BB20AD4005F7096 /* PinViewValidator.swift */,
			);
			path = OTPTextView;
			sourceTree = "<group>";
		};
		32FF2ECE2B3363D4006E9CE0 = {
			isa = PBXGroup;
			children = (
				32FF2ED92B3363D4006E9CE0 /* SwiftUIapp */,
				32FF2ED82B3363D4006E9CE0 /* Products */,
			);
			sourceTree = "<group>";
		};
		32FF2ED82B3363D4006E9CE0 /* Products */ = {
			isa = PBXGroup;
			children = (
				32FF2ED72B3363D4006E9CE0 /* SwiftUIapp.app */,
			);
			name = Products;
			sourceTree = "<group>";
		};
		32FF2ED92B3363D4006E9CE0 /* SwiftUIapp */ = {
			isa = PBXGroup;
			children = (
				32FF2EDA2B3363D4006E9CE0 /* SwiftUIappApp.swift */,
				3268A7152B3CB508009F1766 /* Views */,
				3259891F2BB20618005F7096 /* ViewModifiers */,
				326CE3622B910C8200012A31 /* Extensions  */,
				325336902B38C0440067907E /* Reusable */,
				32FF2EDE2B3363D5006E9CE0 /* Assets.xcassets */,
				32FF2EE02B3363D5006E9CE0 /* SwiftUIapp.entitlements */,
				32FF2EE12B3363D5006E9CE0 /* Preview Content */,
			);
			path = SwiftUIapp;
			sourceTree = "<group>";
		};
		32FF2EE12B3363D5006E9CE0 /* Preview Content */ = {
			isa = PBXGroup;
			children = (
				32FF2EE22B3363D5006E9CE0 /* Preview Assets.xcassets */,
			);
			path = "Preview Content";
			sourceTree = "<group>";
		};
/* End PBXGroup section */

/* Begin PBXNativeTarget section */
		32FF2ED62B3363D4006E9CE0 /* SwiftUIapp */ = {
			isa = PBXNativeTarget;
			buildConfigurationList = 32FF2EE62B3363D5006E9CE0 /* Build configuration list for PBXNativeTarget "SwiftUIapp" */;
			buildPhases = (
				32FF2ED32B3363D4006E9CE0 /* Sources */,
				32FF2ED42B3363D4006E9CE0 /* Frameworks */,
				32FF2ED52B3363D4006E9CE0 /* Resources */,
			);
			buildRules = (
			);
			dependencies = (
			);
			name = SwiftUIapp;
			productName = SwiftUIapp;
			productReference = 32FF2ED72B3363D4006E9CE0 /* SwiftUIapp.app */;
			productType = "com.apple.product-type.application";
		};
/* End PBXNativeTarget section */

/* Begin PBXProject section */
		32FF2ECF2B3363D4006E9CE0 /* Project object */ = {
			isa = PBXProject;
			attributes = {
				BuildIndependentTargetsInParallel = 1;
				LastSwiftUpdateCheck = 1430;
				LastUpgradeCheck = 1430;
				TargetAttributes = {
					32FF2ED62B3363D4006E9CE0 = {
						CreatedOnToolsVersion = 14.3.1;
					};
				};
			};
			buildConfigurationList = 32FF2ED22B3363D4006E9CE0 /* Build configuration list for PBXProject "SwiftUIapp" */;
			compatibilityVersion = "Xcode 14.0";
			developmentRegion = en;
			hasScannedForEncodings = 0;
			knownRegions = (
				en,
				Base,
			);
			mainGroup = 32FF2ECE2B3363D4006E9CE0;
			productRefGroup = 32FF2ED82B3363D4006E9CE0 /* Products */;
			projectDirPath = "";
			projectRoot = "";
			targets = (
				32FF2ED62B3363D4006E9CE0 /* SwiftUIapp */,
			);
		};
/* End PBXProject section */

/* Begin PBXResourcesBuildPhase section */
		32FF2ED52B3363D4006E9CE0 /* Resources */ = {
			isa = PBXResourcesBuildPhase;
			buildActionMask = 2147483647;
			files = (
				32FF2EE32B3363D5006E9CE0 /* Preview Assets.xcassets in Resources */,
				32FF2EDF2B3363D5006E9CE0 /* Assets.xcassets in Resources */,
			);
			runOnlyForDeploymentPostprocessing = 0;
		};
/* End PBXResourcesBuildPhase section */

/* Begin PBXSourcesBuildPhase section */
		32FF2ED32B3363D4006E9CE0 /* Sources */ = {
			isa = PBXSourcesBuildPhase;
			buildActionMask = 2147483647;
			files = (
				325989232BB2069D005F7096 /* UIView+Extension.swift in Sources */,
				325989252BB20AD4005F7096 /* PinViewValidator.swift in Sources */,
				326CE3662B910E5000012A31 /* BrendView.swift in Sources */,
				324B75B32BB0BCD600B41FFE /* SingleOTPTextBox.swift in Sources */,
				32FF2EDD2B3363D4006E9CE0 /* LoginView.swift in Sources */,
				326CE3612B91088F00012A31 /* String+Extension.swift in Sources */,
				3268A7172B3CB533009F1766 /* ValidationView.swift in Sources */,
				32FF2EDB2B3363D4006E9CE0 /* SwiftUIappApp.swift in Sources */,
				325989212BB2064B005F7096 /* PinTextFieldModifier.swift in Sources */,
				325336942B38CD330067907E /* UserData.swift in Sources */,
				325336922B38C0690067907E /* FieldWithTitleView.swift in Sources */,
				326CE35B2B91016000012A31 /* OTPTextField.swift in Sources */,
			);
			runOnlyForDeploymentPostprocessing = 0;
		};
/* End PBXSourcesBuildPhase section */

/* Begin XCBuildConfiguration section */
		32FF2EE42B3363D5006E9CE0 /* Debug */ = {
			isa = XCBuildConfiguration;
			buildSettings = {
				ALWAYS_SEARCH_USER_PATHS = NO;
				CLANG_ANALYZER_NONNULL = YES;
				CLANG_ANALYZER_NUMBER_OBJECT_CONVERSION = YES_AGGRESSIVE;
				CLANG_CXX_LANGUAGE_STANDARD = "gnu++20";
				CLANG_ENABLE_MODULES = YES;
				CLANG_ENABLE_OBJC_ARC = YES;
				CLANG_ENABLE_OBJC_WEAK = YES;
				CLANG_WARN_BLOCK_CAPTURE_AUTORELEASING = YES;
				CLANG_WARN_BOOL_CONVERSION = YES;
				CLANG_WARN_COMMA = YES;
				CLANG_WARN_CONSTANT_CONVERSION = YES;
				CLANG_WARN_DEPRECATED_OBJC_IMPLEMENTATIONS = YES;
				CLANG_WARN_DIRECT_OBJC_ISA_USAGE = YES_ERROR;
				CLANG_WARN_DOCUMENTATION_COMMENTS = YES;
				CLANG_WARN_EMPTY_BODY = YES;
				CLANG_WARN_ENUM_CONVERSION = YES;
				CLANG_WARN_INFINITE_RECURSION = YES;
				CLANG_WARN_INT_CONVERSION = YES;
				CLANG_WARN_NON_LITERAL_NULL_CONVERSION = YES;
				CLANG_WARN_OBJC_IMPLICIT_RETAIN_SELF = YES;
				CLANG_WARN_OBJC_LITERAL_CONVERSION = YES;
				CLANG_WARN_OBJC_ROOT_CLASS = YES_ERROR;
				CLANG_WARN_QUOTED_INCLUDE_IN_FRAMEWORK_HEADER = YES;
				CLANG_WARN_RANGE_LOOP_ANALYSIS = YES;
				CLANG_WARN_STRICT_PROTOTYPES = YES;
				CLANG_WARN_SUSPICIOUS_MOVE = YES;
				CLANG_WARN_UNGUARDED_AVAILABILITY = YES_AGGRESSIVE;
				CLANG_WARN_UNREACHABLE_CODE = YES;
				CLANG_WARN__DUPLICATE_METHOD_MATCH = YES;
				COPY_PHASE_STRIP = NO;
				DEBUG_INFORMATION_FORMAT = dwarf;
				ENABLE_STRICT_OBJC_MSGSEND = YES;
				ENABLE_TESTABILITY = YES;
				GCC_C_LANGUAGE_STANDARD = gnu11;
				GCC_DYNAMIC_NO_PIC = NO;
				GCC_NO_COMMON_BLOCKS = YES;
				GCC_OPTIMIZATION_LEVEL = 0;
				GCC_PREPROCESSOR_DEFINITIONS = (
					"DEBUG=1",
					"$(inherited)",
				);
				GCC_WARN_64_TO_32_BIT_CONVERSION = YES;
				GCC_WARN_ABOUT_RETURN_TYPE = YES_ERROR;
				GCC_WARN_UNDECLARED_SELECTOR = YES;
				GCC_WARN_UNINITIALIZED_AUTOS = YES_AGGRESSIVE;
				GCC_WARN_UNUSED_FUNCTION = YES;
				GCC_WARN_UNUSED_VARIABLE = YES;
				MTL_ENABLE_DEBUG_INFO = INCLUDE_SOURCE;
				MTL_FAST_MATH = YES;
				ONLY_ACTIVE_ARCH = YES;
				SWIFT_ACTIVE_COMPILATION_CONDITIONS = DEBUG;
				SWIFT_OPTIMIZATION_LEVEL = "-Onone";
			};
			name = Debug;
		};
		32FF2EE52B3363D5006E9CE0 /* Release */ = {
			isa = XCBuildConfiguration;
			buildSettings = {
				ALWAYS_SEARCH_USER_PATHS = NO;
				CLANG_ANALYZER_NONNULL = YES;
				CLANG_ANALYZER_NUMBER_OBJECT_CONVERSION = YES_AGGRESSIVE;
				CLANG_CXX_LANGUAGE_STANDARD = "gnu++20";
				CLANG_ENABLE_MODULES = YES;
				CLANG_ENABLE_OBJC_ARC = YES;
				CLANG_ENABLE_OBJC_WEAK = YES;
				CLANG_WARN_BLOCK_CAPTURE_AUTORELEASING = YES;
				CLANG_WARN_BOOL_CONVERSION = YES;
				CLANG_WARN_COMMA = YES;
				CLANG_WARN_CONSTANT_CONVERSION = YES;
				CLANG_WARN_DEPRECATED_OBJC_IMPLEMENTATIONS = YES;
				CLANG_WARN_DIRECT_OBJC_ISA_USAGE = YES_ERROR;
				CLANG_WARN_DOCUMENTATION_COMMENTS = YES;
				CLANG_WARN_EMPTY_BODY = YES;
				CLANG_WARN_ENUM_CONVERSION = YES;
				CLANG_WARN_INFINITE_RECURSION = YES;
				CLANG_WARN_INT_CONVERSION = YES;
				CLANG_WARN_NON_LITERAL_NULL_CONVERSION = YES;
				CLANG_WARN_OBJC_IMPLICIT_RETAIN_SELF = YES;
				CLANG_WARN_OBJC_LITERAL_CONVERSION = YES;
				CLANG_WARN_OBJC_ROOT_CLASS = YES_ERROR;
				CLANG_WARN_QUOTED_INCLUDE_IN_FRAMEWORK_HEADER = YES;
				CLANG_WARN_RANGE_LOOP_ANALYSIS = YES;
				CLANG_WARN_STRICT_PROTOTYPES = YES;
				CLANG_WARN_SUSPICIOUS_MOVE = YES;
				CLANG_WARN_UNGUARDED_AVAILABILITY = YES_AGGRESSIVE;
				CLANG_WARN_UNREACHABLE_CODE = YES;
				CLANG_WARN__DUPLICATE_METHOD_MATCH = YES;
				COPY_PHASE_STRIP = NO;
				DEBUG_INFORMATION_FORMAT = "dwarf-with-dsym";
				ENABLE_NS_ASSERTIONS = NO;
				ENABLE_STRICT_OBJC_MSGSEND = YES;
				GCC_C_LANGUAGE_STANDARD = gnu11;
				GCC_NO_COMMON_BLOCKS = YES;
				GCC_WARN_64_TO_32_BIT_CONVERSION = YES;
				GCC_WARN_ABOUT_RETURN_TYPE = YES_ERROR;
				GCC_WARN_UNDECLARED_SELECTOR = YES;
				GCC_WARN_UNINITIALIZED_AUTOS = YES_AGGRESSIVE;
				GCC_WARN_UNUSED_FUNCTION = YES;
				GCC_WARN_UNUSED_VARIABLE = YES;
				MTL_ENABLE_DEBUG_INFO = NO;
				MTL_FAST_MATH = YES;
				SWIFT_COMPILATION_MODE = wholemodule;
				SWIFT_OPTIMIZATION_LEVEL = "-O";
			};
			name = Release;
		};
		32FF2EE72B3363D5006E9CE0 /* Debug */ = {
			isa = XCBuildConfiguration;
			buildSettings = {
				ASSETCATALOG_COMPILER_APPICON_NAME = AppIcon;
				ASSETCATALOG_COMPILER_GLOBAL_ACCENT_COLOR_NAME = AccentColor;
				CODE_SIGN_ENTITLEMENTS = SwiftUIapp/SwiftUIapp.entitlements;
				CODE_SIGN_STYLE = Automatic;
				CURRENT_PROJECT_VERSION = 1;
				DEVELOPMENT_ASSET_PATHS = "\"SwiftUIapp/Preview Content\"";
				DEVELOPMENT_TEAM = 683FFW2T3C;
				ENABLE_HARDENED_RUNTIME = YES;
				ENABLE_PREVIEWS = YES;
				GENERATE_INFOPLIST_FILE = YES;
				"INFOPLIST_KEY_UIApplicationSceneManifest_Generation[sdk=iphoneos*]" = YES;
				"INFOPLIST_KEY_UIApplicationSceneManifest_Generation[sdk=iphonesimulator*]" = YES;
				"INFOPLIST_KEY_UIApplicationSupportsIndirectInputEvents[sdk=iphoneos*]" = YES;
				"INFOPLIST_KEY_UIApplicationSupportsIndirectInputEvents[sdk=iphonesimulator*]" = YES;
				"INFOPLIST_KEY_UILaunchScreen_Generation[sdk=iphoneos*]" = YES;
				"INFOPLIST_KEY_UILaunchScreen_Generation[sdk=iphonesimulator*]" = YES;
				"INFOPLIST_KEY_UIStatusBarStyle[sdk=iphoneos*]" = UIStatusBarStyleDefault;
				"INFOPLIST_KEY_UIStatusBarStyle[sdk=iphonesimulator*]" = UIStatusBarStyleDefault;
				INFOPLIST_KEY_UISupportedInterfaceOrientations_iPad = "UIInterfaceOrientationPortrait UIInterfaceOrientationPortraitUpsideDown UIInterfaceOrientationLandscapeLeft UIInterfaceOrientationLandscapeRight";
				INFOPLIST_KEY_UISupportedInterfaceOrientations_iPhone = "UIInterfaceOrientationPortrait UIInterfaceOrientationLandscapeLeft UIInterfaceOrientationLandscapeRight";
				IPHONEOS_DEPLOYMENT_TARGET = 17.2;
				LD_RUNPATH_SEARCH_PATHS = "@executable_path/Frameworks";
				"LD_RUNPATH_SEARCH_PATHS[sdk=macosx*]" = "@executable_path/../Frameworks";
				MACOSX_DEPLOYMENT_TARGET = 13.3;
				MARKETING_VERSION = 1.0;
				PRODUCT_BUNDLE_IDENTIFIER = com.app.id.SwiftUIapp;
				PRODUCT_NAME = "$(TARGET_NAME)";
				SDKROOT = auto;
				SUPPORTED_PLATFORMS = "iphoneos iphonesimulator macosx";
				SWIFT_EMIT_LOC_STRINGS = YES;
				SWIFT_VERSION = 5.0;
				TARGETED_DEVICE_FAMILY = "1,2";
			};
			name = Debug;
		};
		32FF2EE82B3363D5006E9CE0 /* Release */ = {
			isa = XCBuildConfiguration;
			buildSettings = {
				ASSETCATALOG_COMPILER_APPICON_NAME = AppIcon;
				ASSETCATALOG_COMPILER_GLOBAL_ACCENT_COLOR_NAME = AccentColor;
				CODE_SIGN_ENTITLEMENTS = SwiftUIapp/SwiftUIapp.entitlements;
				CODE_SIGN_STYLE = Automatic;
				CURRENT_PROJECT_VERSION = 1;
				DEVELOPMENT_ASSET_PATHS = "\"SwiftUIapp/Preview Content\"";
				DEVELOPMENT_TEAM = 683FFW2T3C;
				ENABLE_HARDENED_RUNTIME = YES;
				ENABLE_PREVIEWS = YES;
				GENERATE_INFOPLIST_FILE = YES;
				"INFOPLIST_KEY_UIApplicationSceneManifest_Generation[sdk=iphoneos*]" = YES;
				"INFOPLIST_KEY_UIApplicationSceneManifest_Generation[sdk=iphonesimulator*]" = YES;
				"INFOPLIST_KEY_UIApplicationSupportsIndirectInputEvents[sdk=iphoneos*]" = YES;
				"INFOPLIST_KEY_UIApplicationSupportsIndirectInputEvents[sdk=iphonesimulator*]" = YES;
				"INFOPLIST_KEY_UILaunchScreen_Generation[sdk=iphoneos*]" = YES;
				"INFOPLIST_KEY_UILaunchScreen_Generation[sdk=iphonesimulator*]" = YES;
				"INFOPLIST_KEY_UIStatusBarStyle[sdk=iphoneos*]" = UIStatusBarStyleDefault;
				"INFOPLIST_KEY_UIStatusBarStyle[sdk=iphonesimulator*]" = UIStatusBarStyleDefault;
				INFOPLIST_KEY_UISupportedInterfaceOrientations_iPad = "UIInterfaceOrientationPortrait UIInterfaceOrientationPortraitUpsideDown UIInterfaceOrientationLandscapeLeft UIInterfaceOrientationLandscapeRight";
				INFOPLIST_KEY_UISupportedInterfaceOrientations_iPhone = "UIInterfaceOrientationPortrait UIInterfaceOrientationLandscapeLeft UIInterfaceOrientationLandscapeRight";
				IPHONEOS_DEPLOYMENT_TARGET = 17.2;
				LD_RUNPATH_SEARCH_PATHS = "@executable_path/Frameworks";
				"LD_RUNPATH_SEARCH_PATHS[sdk=macosx*]" = "@executable_path/../Frameworks";
				MACOSX_DEPLOYMENT_TARGET = 13.3;
				MARKETING_VERSION = 1.0;
				PRODUCT_BUNDLE_IDENTIFIER = com.app.id.SwiftUIapp;
				PRODUCT_NAME = "$(TARGET_NAME)";
				SDKROOT = auto;
				SUPPORTED_PLATFORMS = "iphoneos iphonesimulator macosx";
				SWIFT_EMIT_LOC_STRINGS = YES;
				SWIFT_VERSION = 5.0;
				TARGETED_DEVICE_FAMILY = "1,2";
			};
			name = Release;
		};
/* End XCBuildConfiguration section */

/* Begin XCConfigurationList section */
		32FF2ED22B3363D4006E9CE0 /* Build configuration list for PBXProject "SwiftUIapp" */ = {
			isa = XCConfigurationList;
			buildConfigurations = (
				32FF2EE42B3363D5006E9CE0 /* Debug */,
				32FF2EE52B3363D5006E9CE0 /* Release */,
			);
			defaultConfigurationIsVisible = 0;
			defaultConfigurationName = Release;
		};
		32FF2EE62B3363D5006E9CE0 /* Build configuration list for PBXNativeTarget "SwiftUIapp" */ = {
			isa = XCConfigurationList;
			buildConfigurations = (
				32FF2EE72B3363D5006E9CE0 /* Debug */,
				32FF2EE82B3363D5006E9CE0 /* Release */,
			);
			defaultConfigurationIsVisible = 0;
			defaultConfigurationName = Release;
		};
/* End XCConfigurationList section */
	};
	rootObject = 32FF2ECF2B3363D4006E9CE0 /* Project object */;
}
